
Microsoft Visual Studio Solution File, Format Version 12.00
# Visual Studio Version 17
VisualStudioVersion = 17.1.32210.238
MinimumVisualStudioVersion = 10.0.40219.1
Project("{FAE04EC0-301F-11D3-BF4B-00C04F79EFBC}") = "ExcelReporter", "ExcelReporter\ExcelReporter.csproj", "{ABBA5FE0-D768-40F8-AFB9-612F41E931C9}"
EndProject
Project("{930C7802-8A8C-48F9-8165-68863BCCD9DD}") = "SetupProject", "SetupProject\SetupProject.wixproj", "{20FB0231-DD97-4A71-8FA2-DB46189DA759}"
EndProject
Project("{2150E333-8FDC-42A3-9474-1A3956D46DE8}") = "Solution Items", "Solution Items", "{AC91701B-E6B8-4CDF-BE3D-6A04726F1767}"
	ProjectSection(SolutionItems) = preProject
		.github\workflows\dotnet-release.yml = .github\workflows\dotnet-release.yml
		README.md = README.md
	EndProjectSection
EndProject
Global
	GlobalSection(SolutionConfigurationPlatforms) = preSolution
		Debug|Any CPU = Debug|Any CPU
		Debug|x86 = Debug|x86
		Release|Any CPU = Release|Any CPU
		Release|x86 = Release|x86
	EndGlobalSection
	GlobalSection(ProjectConfigurationPlatforms) = postSolution
		{ABBA5FE0-D768-40F8-AFB9-612F41E931C9}.Debug|Any CPU.ActiveCfg = Debug|Any CPU
		{ABBA5FE0-D768-40F8-AFB9-612F41E931C9}.Debug|Any CPU.Build.0 = Debug|Any CPU
		{ABBA5FE0-D768-40F8-AFB9-612F41E931C9}.Debug|x86.ActiveCfg = Debug|Any CPU
		{ABBA5FE0-D768-40F8-AFB9-612F41E931C9}.Debug|x86.Build.0 = Debug|Any CPU
		{ABBA5FE0-D768-40F8-AFB9-612F41E931C9}.Release|Any CPU.ActiveCfg = Release|Any CPU
		{ABBA5FE0-D768-40F8-AFB9-612F41E931C9}.Release|Any CPU.Build.0 = Release|Any CPU
		{ABBA5FE0-D768-40F8-AFB9-612F41E931C9}.Release|x86.ActiveCfg = Release|Any CPU
		{ABBA5FE0-D768-40F8-AFB9-612F41E931C9}.Release|x86.Build.0 = Release|Any CPU
		{20FB0231-DD97-4A71-8FA2-DB46189DA759}.Debug|Any CPU.ActiveCfg = Debug|x86
		{20FB0231-DD97-4A71-8FA2-DB46189DA759}.Debug|Any CPU.Build.0 = Debug|x86
		{20FB0231-DD97-4A71-8FA2-DB46189DA759}.Debug|x86.ActiveCfg = Debug|x86
		{20FB0231-DD97-4A71-8FA2-DB46189DA759}.Debug|x86.Build.0 = Debug|x86
		{20FB0231-DD97-4A71-8FA2-DB46189DA759}.Release|Any CPU.ActiveCfg = Release|x86
		{20FB0231-DD97-4A71-8FA2-DB46189DA759}.Release|Any CPU.Build.0 = Release|x86
		{20FB0231-DD97-4A71-8FA2-DB46189DA759}.Release|x86.ActiveCfg = Release|x86
		{20FB0231-DD97-4A71-8FA2-DB46189DA759}.Release|x86.Build.0 = Release|x86
	EndGlobalSection
	GlobalSection(SolutionProperties) = preSolution
		HideSolutionNode = FALSE
	EndGlobalSection
	GlobalSection(ExtensibilityGlobals) = postSolution
		SolutionGuid = {4475BFC2-B9E5-4456-A859-A01D7EC820C8}
	EndGlobalSection
EndGlobal
